{
  "name": "xi",
  "version": "0.1.1",
  "lockfileVersion": 1,
  "requires": true,
  "dependencies": {
    "ansi-to-html": {
      "version": "0.6.11",
      "resolved": "https://registry.npmjs.org/ansi-to-html/-/ansi-to-html-0.6.11.tgz",
      "integrity": "sha512-88XZtrcwrfkyn6fGstHnkaF1kl7hGtNCYh4vSmItgEV+6JnQHryDBf7udF4f2RhTRQmYvJvPcTtqgaqrxzc9oA==",
      "requires": {
        "entities": "^1.1.1"
      }
    },
    "entities": {
      "version": "1.1.2",
      "resolved": "https://registry.npmjs.org/entities/-/entities-1.1.2.tgz",
      "integrity": "sha512-f2LZMYl1Fzu7YSBKg+RoROelpOaNrcGmE9AZubeDfrCEia483oW4MI4VyFd5VNHIgQ/7qm1I0wUHK1eJnn2y2w=="
    }
  }
}
